
Microsoft Visual Studio Solution File, Format Version 12.00
# Visual Studio Version 16
VisualStudioVersion = 16.0.31025.194
MinimumVisualStudioVersion = 10.0.40219.1
Project("{FAE04EC0-301F-11D3-BF4B-00C04F79EFBC}") = "ScrybeTribes", "ScrybeTribes.csproj", "{14A75404-0C3C-46A7-8DB9-B30269F110E9}"
EndProject
Global
	GlobalSection(SolutionConfigurationPlatforms) = preSolution
		Debug|Any CPU = Debug|Any CPU
		Release|Any CPU = Release|Any CPU
	EndGlobalSection
	GlobalSection(ProjectConfigurationPlatforms) = postSolution
		{14A75404-0C3C-46A7-8DB9-B30269F110E9}.Debug|Any CPU.ActiveCfg = Debug|Any CPU
		{14A75404-0C3C-46A7-8DB9-B30269F110E9}.Debug|Any CPU.Build.0 = Debug|Any CPU
		{14A75404-0C3C-46A7-8DB9-B30269F110E9}.Release|Any CPU.ActiveCfg = Release|Any CPU
		{14A75404-0C3C-46A7-8DB9-B30269F110E9}.Release|Any CPU.Build.0 = Release|Any CPU
	EndGlobalSection
	GlobalSection(SolutionProperties) = preSolution
		HideSolutionNode = FALSE
	EndGlobalSection
	GlobalSection(ExtensibilityGlobals) = postSolution
		SolutionGuid = {3159C47C-E5A3-4DCF-932F-0C03566A70E4}
	EndGlobalSection
EndGlobal
